
Microsoft Visual Studio Solution File, Format Version 12.00
# Visual Studio Version 16
VisualStudioVersion = 16.0.31729.503
MinimumVisualStudioVersion = 10.0.40219.1
Project("{FAE04EC0-301F-11D3-BF4B-00C04F79EFBC}") = "MessengerVS", "MessengerVS\MessengerVS.csproj", "{C915EFEE-7D95-4F3D-B528-1A2BE86F39D3}"
EndProject
Global
	GlobalSection(SolutionConfigurationPlatforms) = preSolution
		Debug|Any CPU = Debug|Any CPU
		Release|Any CPU = Release|Any CPU
	EndGlobalSection
	GlobalSection(ProjectConfigurationPlatforms) = postSolution
		{C915EFEE-7D95-4F3D-B528-1A2BE86F39D3}.Debug|Any CPU.ActiveCfg = Debug|Any CPU
		{C915EFEE-7D95-4F3D-B528-1A2BE86F39D3}.Debug|Any CPU.Build.0 = Debug|Any CPU
		{C915EFEE-7D95-4F3D-B528-1A2BE86F39D3}.Release|Any CPU.ActiveCfg = Release|Any CPU
		{C915EFEE-7D95-4F3D-B528-1A2BE86F39D3}.Release|Any CPU.Build.0 = Release|Any CPU
	EndGlobalSection
	GlobalSection(SolutionProperties) = preSolution
		HideSolutionNode = FALSE
	EndGlobalSection
	GlobalSection(ExtensibilityGlobals) = postSolution
		SolutionGuid = {BD4806D8-1AB9-4A31-BD49-CA5163F664C2}
	EndGlobalSection
EndGlobal
