
Microsoft Visual Studio Solution File, Format Version 12.00
# Visual Studio Version 16
VisualStudioVersion = 16.0.31515.178
MinimumVisualStudioVersion = 10.0.40219.1
Project("{FAE04EC0-301F-11D3-BF4B-00C04F79EFBC}") = "ConsoleApp2", "ConsoleApp2\ConsoleApp2.csproj", "{2DECA336-09D2-45B8-9F28-053D3AFC4632}"
EndProject
Global
	GlobalSection(SolutionConfigurationPlatforms) = preSolution
		Debug|Any CPU = Debug|Any CPU
		Release|Any CPU = Release|Any CPU
	EndGlobalSection
	GlobalSection(ProjectConfigurationPlatforms) = postSolution
		{2DECA336-09D2-45B8-9F28-053D3AFC4632}.Debug|Any CPU.ActiveCfg = Debug|Any CPU
		{2DECA336-09D2-45B8-9F28-053D3AFC4632}.Debug|Any CPU.Build.0 = Debug|Any CPU
		{2DECA336-09D2-45B8-9F28-053D3AFC4632}.Release|Any CPU.ActiveCfg = Release|Any CPU
		{2DECA336-09D2-45B8-9F28-053D3AFC4632}.Release|Any CPU.Build.0 = Release|Any CPU
	EndGlobalSection
	GlobalSection(SolutionProperties) = preSolution
		HideSolutionNode = FALSE
	EndGlobalSection
	GlobalSection(ExtensibilityGlobals) = postSolution
		SolutionGuid = {E2B76CC6-27A1-4FF4-A5EF-254590A15C68}
	EndGlobalSection
EndGlobal
